
Microsoft Visual Studio Solution File, Format Version 12.00
# Visual Studio 15
VisualStudioVersion = 15.0.28010.2041
MinimumVisualStudioVersion = 10.0.40219.1
Project("{FAE04EC0-301F-11D3-BF4B-00C04F79EFBC}") = "ReactiveCalculator.Android", "ReactiveCalculator\ReactiveCalculator.Android\ReactiveCalculator.Android.csproj", "{A1949271-3240-4E92-BCD2-916B2008EAE8}"
EndProject
Project("{FAE04EC0-301F-11D3-BF4B-00C04F79EFBC}") = "ReactiveCalculator.iOS", "ReactiveCalculator\ReactiveCalculator.iOS\ReactiveCalculator.iOS.csproj", "{81B5E847-3833-4851-A37D-9C9145810A13}"
EndProject
Project("{FAE04EC0-301F-11D3-BF4B-00C04F79EFBC}") = "ReactiveCalculator", "ReactiveCalculator\ReactiveCalculator\ReactiveCalculator.csproj", "{A1989405-40A5-4A1E-9958-BAFB7B89EDB9}"
EndProject
Global
	GlobalSection(SolutionConfigurationPlatforms) = preSolution
		Ad-Hoc|Any CPU = Ad-Hoc|Any CPU
		Ad-Hoc|iPhone = Ad-Hoc|iPhone
		Ad-Hoc|iPhoneSimulator = Ad-Hoc|iPhoneSimulator
		AppStore|Any CPU = AppStore|Any CPU
		AppStore|iPhone = AppStore|iPhone
		AppStore|iPhoneSimulator = AppStore|iPhoneSimulator
		Debug|Any CPU = Debug|Any CPU
		Debug|iPhone = Debug|iPhone
		Debug|iPhoneSimulator = Debug|iPhoneSimulator
		Release|Any CPU = Release|Any CPU
		Release|iPhone = Release|iPhone
		Release|iPhoneSimulator = Release|iPhoneSimulator
	EndGlobalSection
	GlobalSection(ProjectConfigurationPlatforms) = postSolution
		{A1949271-3240-4E92-BCD2-916B2008EAE8}.Ad-Hoc|Any CPU.ActiveCfg = Release|Any CPU
		{A1949271-3240-4E92-BCD2-916B2008EAE8}.Ad-Hoc|Any CPU.Build.0 = Release|Any CPU
		{A1949271-3240-4E92-BCD2-916B2008EAE8}.Ad-Hoc|Any CPU.Deploy.0 = Release|Any CPU
		{A1949271-3240-4E92-BCD2-916B2008EAE8}.Ad-Hoc|iPhone.ActiveCfg = Release|Any CPU
		{A1949271-3240-4E92-BCD2-916B2008EAE8}.Ad-Hoc|iPhone.Build.0 = Release|Any CPU
		{A1949271-3240-4E92-BCD2-916B2008EAE8}.Ad-Hoc|iPhone.Deploy.0 = Release|Any CPU
		{A1949271-3240-4E92-BCD2-916B2008EAE8}.Ad-Hoc|iPhoneSimulator.ActiveCfg = Release|Any CPU
		{A1949271-3240-4E92-BCD2-916B2008EAE8}.Ad-Hoc|iPhoneSimulator.Build.0 = Release|Any CPU
		{A1949271-3240-4E92-BCD2-916B2008EAE8}.Ad-Hoc|iPhoneSimulator.Deploy.0 = Release|Any CPU
		{A1949271-3240-4E92-BCD2-916B2008EAE8}.AppStore|Any CPU.ActiveCfg = Release|Any CPU
		{A1949271-3240-4E92-BCD2-916B2008EAE8}.AppStore|Any CPU.Build.0 = Release|Any CPU
		{A1949271-3240-4E92-BCD2-916B2008EAE8}.AppStore|Any CPU.Deploy.0 = Release|Any CPU
		{A1949271-3240-4E92-BCD2-916B2008EAE8}.AppStore|iPhone.ActiveCfg = Release|Any CPU
		{A1949271-3240-4E92-BCD2-916B2008EAE8}.AppStore|iPhone.Build.0 = Release|Any CPU
		{A1949271-3240-4E92-BCD2-916B2008EAE8}.AppStore|iPhone.Deploy.0 = Release|Any CPU
		{A1949271-3240-4E92-BCD2-916B2008EAE8}.AppStore|iPhoneSimulator.ActiveCfg = Release|Any CPU
		{A1949271-3240-4E92-BCD2-916B2008EAE8}.AppStore|iPhoneSimulator.Build.0 = Release|Any CPU
		{A1949271-3240-4E92-BCD2-916B2008EAE8}.AppStore|iPhoneSimulator.Deploy.0 = Release|Any CPU
		{A1949271-3240-4E92-BCD2-916B2008EAE8}.Debug|Any CPU.ActiveCfg = Debug|Any CPU
		{A1949271-3240-4E92-BCD2-916B2008EAE8}.Debug|Any CPU.Build.0 = Debug|Any CPU
		{A1949271-3240-4E92-BCD2-916B2008EAE8}.Debug|Any CPU.Deploy.0 = Debug|Any CPU
		{A1949271-3240-4E92-BCD2-916B2008EAE8}.Debug|iPhone.ActiveCfg = Debug|Any CPU
		{A1949271-3240-4E92-BCD2-916B2008EAE8}.Debug|iPhone.Build.0 = Debug|Any CPU
		{A1949271-3240-4E92-BCD2-916B2008EAE8}.Debug|iPhone.Deploy.0 = Debug|Any CPU
		{A1949271-3240-4E92-BCD2-916B2008EAE8}.Debug|iPhoneSimulator.ActiveCfg = Debug|Any CPU
		{A1949271-3240-4E92-BCD2-916B2008EAE8}.Debug|iPhoneSimulator.Build.0 = Debug|Any CPU
		{A1949271-3240-4E92-BCD2-916B2008EAE8}.Debug|iPhoneSimulator.Deploy.0 = Debug|Any CPU
		{A1949271-3240-4E92-BCD2-916B2008EAE8}.Release|Any CPU.ActiveCfg = Release|Any CPU
		{A1949271-3240-4E92-BCD2-916B2008EAE8}.Release|Any CPU.Build.0 = Release|Any CPU
		{A1949271-3240-4E92-BCD2-916B2008EAE8}.Release|Any CPU.Deploy.0 = Release|Any CPU
		{A1949271-3240-4E92-BCD2-916B2008EAE8}.Release|iPhone.ActiveCfg = Release|Any CPU
		{A1949271-3240-4E92-BCD2-916B2008EAE8}.Release|iPhone.Build.0 = Release|Any CPU
		{A1949271-3240-4E92-BCD2-916B2008EAE8}.Release|iPhone.Deploy.0 = Release|Any CPU
		{A1949271-3240-4E92-BCD2-916B2008EAE8}.Release|iPhoneSimulator.ActiveCfg = Release|Any CPU
		{A1949271-3240-4E92-BCD2-916B2008EAE8}.Release|iPhoneSimulator.Build.0 = Release|Any CPU
		{A1949271-3240-4E92-BCD2-916B2008EAE8}.Release|iPhoneSimulator.Deploy.0 = Release|Any CPU
		{81B5E847-3833-4851-A37D-9C9145810A13}.Ad-Hoc|Any CPU.ActiveCfg = Ad-Hoc|iPhone
		{81B5E847-3833-4851-A37D-9C9145810A13}.Ad-Hoc|Any CPU.Build.0 = Ad-Hoc|iPhone
		{81B5E847-3833-4851-A37D-9C9145810A13}.Ad-Hoc|Any CPU.Deploy.0 = Ad-Hoc|iPhone
		{81B5E847-3833-4851-A37D-9C9145810A13}.Ad-Hoc|iPhone.ActiveCfg = Ad-Hoc|iPhone
		{81B5E847-3833-4851-A37D-9C9145810A13}.Ad-Hoc|iPhone.Build.0 = Ad-Hoc|iPhone
		{81B5E847-3833-4851-A37D-9C9145810A13}.Ad-Hoc|iPhone.Deploy.0 = Ad-Hoc|iPhone
		{81B5E847-3833-4851-A37D-9C9145810A13}.Ad-Hoc|iPhoneSimulator.ActiveCfg = Ad-Hoc|iPhoneSimulator
		{81B5E847-3833-4851-A37D-9C9145810A13}.Ad-Hoc|iPhoneSimulator.Build.0 = Ad-Hoc|iPhoneSimulator
		{81B5E847-3833-4851-A37D-9C9145810A13}.Ad-Hoc|iPhoneSimulator.Deploy.0 = Ad-Hoc|iPhoneSimulator
		{81B5E847-3833-4851-A37D-9C9145810A13}.AppStore|Any CPU.ActiveCfg = AppStore|iPhone
		{81B5E847-3833-4851-A37D-9C9145810A13}.AppStore|Any CPU.Build.0 = AppStore|iPhone
		{81B5E847-3833-4851-A37D-9C9145810A13}.AppStore|Any CPU.Deploy.0 = AppStore|iPhone
		{81B5E847-3833-4851-A37D-9C9145810A13}.AppStore|iPhone.ActiveCfg = AppStore|iPhone
		{81B5E847-3833-4851-A37D-9C9145810A13}.AppStore|iPhone.Build.0 = AppStore|iPhone
		{81B5E847-3833-4851-A37D-9C9145810A13}.AppStore|iPhone.Deploy.0 = AppStore|iPhone
		{81B5E847-3833-4851-A37D-9C9145810A13}.AppStore|iPhoneSimulator.ActiveCfg = AppStore|iPhoneSimulator
		{81B5E847-3833-4851-A37D-9C9145810A13}.AppStore|iPhoneSimulator.Build.0 = AppStore|iPhoneSimulator
		{81B5E847-3833-4851-A37D-9C9145810A13}.AppStore|iPhoneSimulator.Deploy.0 = AppStore|iPhoneSimulator
		{81B5E847-3833-4851-A37D-9C9145810A13}.Debug|Any CPU.ActiveCfg = Debug|iPhoneSimulator
		{81B5E847-3833-4851-A37D-9C9145810A13}.Debug|Any CPU.Build.0 = Debug|iPhoneSimulator
		{81B5E847-3833-4851-A37D-9C9145810A13}.Debug|Any CPU.Deploy.0 = Debug|iPhoneSimulator
		{81B5E847-3833-4851-A37D-9C9145810A13}.Debug|iPhone.ActiveCfg = Debug|iPhone
		{81B5E847-3833-4851-A37D-9C9145810A13}.Debug|iPhone.Build.0 = Debug|iPhone
		{81B5E847-3833-4851-A37D-9C9145810A13}.Debug|iPhone.Deploy.0 = Debug|iPhone
		{81B5E847-3833-4851-A37D-9C9145810A13}.Debug|iPhoneSimulator.ActiveCfg = Debug|iPhoneSimulator
		{81B5E847-3833-4851-A37D-9C9145810A13}.Debug|iPhoneSimulator.Build.0 = Debug|iPhoneSimulator
		{81B5E847-3833-4851-A37D-9C9145810A13}.Debug|iPhoneSimulator.Deploy.0 = Debug|iPhoneSimulator
		{81B5E847-3833-4851-A37D-9C9145810A13}.Release|Any CPU.ActiveCfg = Release|iPhone
		{81B5E847-3833-4851-A37D-9C9145810A13}.Release|Any CPU.Build.0 = Release|iPhone
		{81B5E847-3833-4851-A37D-9C9145810A13}.Release|Any CPU.Deploy.0 = Release|iPhone
		{81B5E847-3833-4851-A37D-9C9145810A13}.Release|iPhone.ActiveCfg = Release|iPhone
		{81B5E847-3833-4851-A37D-9C9145810A13}.Release|iPhone.Build.0 = Release|iPhone
		{81B5E847-3833-4851-A37D-9C9145810A13}.Release|iPhone.Deploy.0 = Release|iPhone
		{81B5E847-3833-4851-A37D-9C9145810A13}.Release|iPhoneSimulator.ActiveCfg = Release|iPhoneSimulator
		{81B5E847-3833-4851-A37D-9C9145810A13}.Release|iPhoneSimulator.Build.0 = Release|iPhoneSimulator
		{81B5E847-3833-4851-A37D-9C9145810A13}.Release|iPhoneSimulator.Deploy.0 = Release|iPhoneSimulator
		{A1989405-40A5-4A1E-9958-BAFB7B89EDB9}.Ad-Hoc|Any CPU.ActiveCfg = Debug|Any CPU
		{A1989405-40A5-4A1E-9958-BAFB7B89EDB9}.Ad-Hoc|Any CPU.Build.0 = Debug|Any CPU
		{A1989405-40A5-4A1E-9958-BAFB7B89EDB9}.Ad-Hoc|Any CPU.Deploy.0 = Debug|Any CPU
		{A1989405-40A5-4A1E-9958-BAFB7B89EDB9}.Ad-Hoc|iPhone.ActiveCfg = Debug|Any CPU
		{A1989405-40A5-4A1E-9958-BAFB7B89EDB9}.Ad-Hoc|iPhone.Build.0 = Debug|Any CPU
		{A1989405-40A5-4A1E-9958-BAFB7B89EDB9}.Ad-Hoc|iPhone.Deploy.0 = Debug|Any CPU
		{A1989405-40A5-4A1E-9958-BAFB7B89EDB9}.Ad-Hoc|iPhoneSimulator.ActiveCfg = Debug|Any CPU
		{A1989405-40A5-4A1E-9958-BAFB7B89EDB9}.Ad-Hoc|iPhoneSimulator.Build.0 = Debug|Any CPU
		{A1989405-40A5-4A1E-9958-BAFB7B89EDB9}.Ad-Hoc|iPhoneSimulator.Deploy.0 = Debug|Any CPU
		{A1989405-40A5-4A1E-9958-BAFB7B89EDB9}.AppStore|Any CPU.ActiveCfg = Debug|Any CPU
		{A1989405-40A5-4A1E-9958-BAFB7B89EDB9}.AppStore|Any CPU.Build.0 = Debug|Any CPU
		{A1989405-40A5-4A1E-9958-BAFB7B89EDB9}.AppStore|Any CPU.Deploy.0 = Debug|Any CPU
		{A1989405-40A5-4A1E-9958-BAFB7B89EDB9}.AppStore|iPhone.ActiveCfg = Debug|Any CPU
		{A1989405-40A5-4A1E-9958-BAFB7B89EDB9}.AppStore|iPhone.Build.0 = Debug|Any CPU
		{A1989405-40A5-4A1E-9958-BAFB7B89EDB9}.AppStore|iPhone.Deploy.0 = Debug|Any CPU
		{A1989405-40A5-4A1E-9958-BAFB7B89EDB9}.AppStore|iPhoneSimulator.ActiveCfg = Debug|Any CPU
		{A1989405-40A5-4A1E-9958-BAFB7B89EDB9}.AppStore|iPhoneSimulator.Build.0 = Debug|Any CPU
		{A1989405-40A5-4A1E-9958-BAFB7B89EDB9}.AppStore|iPhoneSimulator.Deploy.0 = Debug|Any CPU
		{A1989405-40A5-4A1E-9958-BAFB7B89EDB9}.Debug|Any CPU.ActiveCfg = Debug|Any CPU
		{A1989405-40A5-4A1E-9958-BAFB7B89EDB9}.Debug|Any CPU.Build.0 = Debug|Any CPU
		{A1989405-40A5-4A1E-9958-BAFB7B89EDB9}.Debug|Any CPU.Deploy.0 = Debug|Any CPU
		{A1989405-40A5-4A1E-9958-BAFB7B89EDB9}.Debug|iPhone.ActiveCfg = Debug|Any CPU
		{A1989405-40A5-4A1E-9958-BAFB7B89EDB9}.Debug|iPhone.Build.0 = Debug|Any CPU
		{A1989405-40A5-4A1E-9958-BAFB7B89EDB9}.Debug|iPhone.Deploy.0 = Debug|Any CPU
		{A1989405-40A5-4A1E-9958-BAFB7B89EDB9}.Debug|iPhoneSimulator.ActiveCfg = Debug|Any CPU
		{A1989405-40A5-4A1E-9958-BAFB7B89EDB9}.Debug|iPhoneSimulator.Build.0 = Debug|Any CPU
		{A1989405-40A5-4A1E-9958-BAFB7B89EDB9}.Debug|iPhoneSimulator.Deploy.0 = Debug|Any CPU
		{A1989405-40A5-4A1E-9958-BAFB7B89EDB9}.Release|Any CPU.ActiveCfg = Release|Any CPU
		{A1989405-40A5-4A1E-9958-BAFB7B89EDB9}.Release|Any CPU.Build.0 = Release|Any CPU
		{A1989405-40A5-4A1E-9958-BAFB7B89EDB9}.Release|Any CPU.Deploy.0 = Release|Any CPU
		{A1989405-40A5-4A1E-9958-BAFB7B89EDB9}.Release|iPhone.ActiveCfg = Release|Any CPU
		{A1989405-40A5-4A1E-9958-BAFB7B89EDB9}.Release|iPhone.Build.0 = Release|Any CPU
		{A1989405-40A5-4A1E-9958-BAFB7B89EDB9}.Release|iPhone.Deploy.0 = Release|Any CPU
		{A1989405-40A5-4A1E-9958-BAFB7B89EDB9}.Release|iPhoneSimulator.ActiveCfg = Release|Any CPU
		{A1989405-40A5-4A1E-9958-BAFB7B89EDB9}.Release|iPhoneSimulator.Build.0 = Release|Any CPU
		{A1989405-40A5-4A1E-9958-BAFB7B89EDB9}.Release|iPhoneSimulator.Deploy.0 = Release|Any CPU
	EndGlobalSection
	GlobalSection(SolutionProperties) = preSolution
		HideSolutionNode = FALSE
	EndGlobalSection
	GlobalSection(ExtensibilityGlobals) = postSolution
		SolutionGuid = {451CF2ED-DA81-4E20-B129-C2C8EB85ABC9}
	EndGlobalSection
EndGlobal
